{
  "sources": {
    "perlbrew": {
      "path": "."
    },
    "yum-remi": {
      "locked_version": "0.1.0",
      "git": "git://github.com/aiming-cookbooks/yum-remi.git",
      "ref": "6e91a15d55755ea9fe7a14974d3db0c0aa478e7c"
    },
    "apt-get-update": {
      "path": "./site-cookbooks/apt-get-update"
    },
    "apt": {
      "locked_version": "2.3.4"
    },
    "yum": {
      "locked_version": "3.0.4"
    },
    "build-essential": {
      "locked_version": "1.4.2"
    }
  }
}
